// !$*UTF8*$!
{
	archiveVersion = 1;
	classes = {
	};
	objectVersion = 46;
	objects = {

/* Begin PBXBuildFile section */
		7C871C8776B99A099382CA76 /* libPods-carkyipadUITests.a in Frameworks */ = {isa = PBXBuildFile; fileRef = 528B6F30D0179E93BAD52988 /* libPods-carkyipadUITests.a */; };
		A58C0434A949DD241BF69FDA /* libPods-carkyipadTests.a in Frameworks */ = {isa = PBXBuildFile; fileRef = 71022BD56FCA663788E92527 /* libPods-carkyipadTests.a */; };
		AE6351B91E6E865600065F0F /* CarkyApiClient.m in Sources */ = {isa = PBXBuildFile; fileRef = AE6351B81E6E865600065F0F /* CarkyApiClient.m */; };
		AE6351BA1E6E865600065F0F /* CarkyApiClient.m in Sources */ = {isa = PBXBuildFile; fileRef = AE6351B81E6E865600065F0F /* CarkyApiClient.m */; };
		AE7275AC1E6CCA8C00918646 /* main.m in Sources */ = {isa = PBXBuildFile; fileRef = AE7275AB1E6CCA8C00918646 /* main.m */; };
		AE7275AF1E6CCA8C00918646 /* AppDelegate.m in Sources */ = {isa = PBXBuildFile; fileRef = AE7275AE1E6CCA8C00918646 /* AppDelegate.m */; };
		AE7275B21E6CCA8C00918646 /* ViewController.m in Sources */ = {isa = PBXBuildFile; fileRef = AE7275B11E6CCA8C00918646 /* ViewController.m */; };
		AE7275B51E6CCA8C00918646 /* Main.storyboard in Resources */ = {isa = PBXBuildFile; fileRef = AE7275B31E6CCA8C00918646 /* Main.storyboard */; };
		AE7275B71E6CCA8C00918646 /* Assets.xcassets in Resources */ = {isa = PBXBuildFile; fileRef = AE7275B61E6CCA8C00918646 /* Assets.xcassets */; };
		AE7275BA1E6CCA8C00918646 /* LaunchScreen.storyboard in Resources */ = {isa = PBXBuildFile; fileRef = AE7275B81E6CCA8C00918646 /* LaunchScreen.storyboard */; };
		AE7275C51E6CCA8D00918646 /* carkyipadTests.m in Sources */ = {isa = PBXBuildFile; fileRef = AE7275C41E6CCA8D00918646 /* carkyipadTests.m */; };
		AE7275D01E6CCA8D00918646 /* carkyipadUITests.m in Sources */ = {isa = PBXBuildFile; fileRef = AE7275CF1E6CCA8D00918646 /* carkyipadUITests.m */; };
		AE7275E41E6CCBFF00918646 /* RMStep.m in Sources */ = {isa = PBXBuildFile; fileRef = AE7275DF1E6CCBFF00918646 /* RMStep.m */; };
		AE7275E51E6CCBFF00918646 /* RMStepsBar.m in Sources */ = {isa = PBXBuildFile; fileRef = AE7275E11E6CCBFF00918646 /* RMStepsBar.m */; };
		AE7275E61E6CCBFF00918646 /* RMStepsController.m in Sources */ = {isa = PBXBuildFile; fileRef = AE7275E31E6CCBFF00918646 /* RMStepsController.m */; };
		AE7275F51E6CD01A00918646 /* IIAsyncData.m in Sources */ = {isa = PBXBuildFile; fileRef = AE7275E91E6CD01A00918646 /* IIAsyncData.m */; };
		AE7275F61E6CD01A00918646 /* IIAsyncMessageView.m in Sources */ = {isa = PBXBuildFile; fileRef = AE7275EB1E6CD01A00918646 /* IIAsyncMessageView.m */; };
		AE7275F71E6CD01A00918646 /* IIAsyncStatusView.m in Sources */ = {isa = PBXBuildFile; fileRef = AE7275ED1E6CD01A00918646 /* IIAsyncStatusView.m */; };
		AE7275F81E6CD01A00918646 /* IIAsyncView.m in Sources */ = {isa = PBXBuildFile; fileRef = AE7275EF1E6CD01A00918646 /* IIAsyncView.m */; };
		AE7275F91E6CD01A00918646 /* IIAsyncViewController.m in Sources */ = {isa = PBXBuildFile; fileRef = AE7275F11E6CD01A00918646 /* IIAsyncViewController.m */; };
		C7F5E06BB189A5D2575E07A8 /* libPods-carkyipad.a in Frameworks */ = {isa = PBXBuildFile; fileRef = 7FAE8BB8A8987C3ED7D5FA65 /* libPods-carkyipad.a */; };
/* End PBXBuildFile section */

/* Begin PBXContainerItemProxy section */
		AE7275C11E6CCA8D00918646 /* PBXContainerItemProxy */ = {
			isa = PBXContainerItemProxy;
			containerPortal = AE72759F1E6CCA8C00918646 /* Project object */;
			proxyType = 1;
			remoteGlobalIDString = AE7275A61E6CCA8C00918646;
			remoteInfo = carkyipad;
		};
		AE7275CC1E6CCA8D00918646 /* PBXContainerItemProxy */ = {
			isa = PBXContainerItemProxy;
			containerPortal = AE72759F1E6CCA8C00918646 /* Project object */;
			proxyType = 1;
			remoteGlobalIDString = AE7275A61E6CCA8C00918646;
			remoteInfo = carkyipad;
		};
/* End PBXContainerItemProxy section */

/* Begin PBXFileReference section */
		26072C39D64C71FFF6DF78B8 /* Pods-carkyipadUITests.release.xcconfig */ = {isa = PBXFileReference; includeInIndex = 1; lastKnownFileType = text.xcconfig; name = "Pods-carkyipadUITests.release.xcconfig"; path = "Pods/Target Support Files/Pods-carkyipadUITests/Pods-carkyipadUITests.release.xcconfig"; sourceTree = "<group>"; };
		528B6F30D0179E93BAD52988 /* libPods-carkyipadUITests.a */ = {isa = PBXFileReference; explicitFileType = archive.ar; includeInIndex = 0; path = "libPods-carkyipadUITests.a"; sourceTree = BUILT_PRODUCTS_DIR; };
		5354D900812E591C07A1E865 /* Pods-carkyipad.debug.xcconfig */ = {isa = PBXFileReference; includeInIndex = 1; lastKnownFileType = text.xcconfig; name = "Pods-carkyipad.debug.xcconfig"; path = "Pods/Target Support Files/Pods-carkyipad/Pods-carkyipad.debug.xcconfig"; sourceTree = "<group>"; };
		5804DF45A609457D505A8C3F /* Pods-carkyipadTests.debug.xcconfig */ = {isa = PBXFileReference; includeInIndex = 1; lastKnownFileType = text.xcconfig; name = "Pods-carkyipadTests.debug.xcconfig"; path = "Pods/Target Support Files/Pods-carkyipadTests/Pods-carkyipadTests.debug.xcconfig"; sourceTree = "<group>"; };
		71022BD56FCA663788E92527 /* libPods-carkyipadTests.a */ = {isa = PBXFileReference; explicitFileType = archive.ar; includeInIndex = 0; path = "libPods-carkyipadTests.a"; sourceTree = BUILT_PRODUCTS_DIR; };
		7FAE8BB8A8987C3ED7D5FA65 /* libPods-carkyipad.a */ = {isa = PBXFileReference; explicitFileType = archive.ar; includeInIndex = 0; path = "libPods-carkyipad.a"; sourceTree = BUILT_PRODUCTS_DIR; };
		934D892CC42D9967E077AFAE /* Pods-carkyipad.release.xcconfig */ = {isa = PBXFileReference; includeInIndex = 1; lastKnownFileType = text.xcconfig; name = "Pods-carkyipad.release.xcconfig"; path = "Pods/Target Support Files/Pods-carkyipad/Pods-carkyipad.release.xcconfig"; sourceTree = "<group>"; };
		AE6351B71E6E865600065F0F /* CarkyApiClient.h */ = {isa = PBXFileReference; fileEncoding = 4; lastKnownFileType = sourcecode.c.h; path = CarkyApiClient.h; sourceTree = "<group>"; };
		AE6351B81E6E865600065F0F /* CarkyApiClient.m */ = {isa = PBXFileReference; fileEncoding = 4; lastKnownFileType = sourcecode.c.objc; path = CarkyApiClient.m; sourceTree = "<group>"; };
		AE7275A71E6CCA8C00918646 /* carkyipad.app */ = {isa = PBXFileReference; explicitFileType = wrapper.application; includeInIndex = 0; path = carkyipad.app; sourceTree = BUILT_PRODUCTS_DIR; };
		AE7275AB1E6CCA8C00918646 /* main.m */ = {isa = PBXFileReference; lastKnownFileType = sourcecode.c.objc; path = main.m; sourceTree = "<group>"; };
		AE7275AD1E6CCA8C00918646 /* AppDelegate.h */ = {isa = PBXFileReference; lastKnownFileType = sourcecode.c.h; path = AppDelegate.h; sourceTree = "<group>"; };
		AE7275AE1E6CCA8C00918646 /* AppDelegate.m */ = {isa = PBXFileReference; lastKnownFileType = sourcecode.c.objc; path = AppDelegate.m; sourceTree = "<group>"; };
		AE7275B01E6CCA8C00918646 /* ViewController.h */ = {isa = PBXFileReference; lastKnownFileType = sourcecode.c.h; path = ViewController.h; sourceTree = "<group>"; };
		AE7275B11E6CCA8C00918646 /* ViewController.m */ = {isa = PBXFileReference; lastKnownFileType = sourcecode.c.objc; path = ViewController.m; sourceTree = "<group>"; };
		AE7275B41E6CCA8C00918646 /* Base */ = {isa = PBXFileReference; lastKnownFileType = file.storyboard; name = Base; path = Base.lproj/Main.storyboard; sourceTree = "<group>"; };
		AE7275B61E6CCA8C00918646 /* Assets.xcassets */ = {isa = PBXFileReference; lastKnownFileType = folder.assetcatalog; path = Assets.xcassets; sourceTree = "<group>"; };
		AE7275B91E6CCA8C00918646 /* Base */ = {isa = PBXFileReference; lastKnownFileType = file.storyboard; name = Base; path = Base.lproj/LaunchScreen.storyboard; sourceTree = "<group>"; };
		AE7275BB1E6CCA8C00918646 /* Info.plist */ = {isa = PBXFileReference; lastKnownFileType = text.plist.xml; path = Info.plist; sourceTree = "<group>"; };
		AE7275C01E6CCA8D00918646 /* carkyipadTests.xctest */ = {isa = PBXFileReference; explicitFileType = wrapper.cfbundle; includeInIndex = 0; path = carkyipadTests.xctest; sourceTree = BUILT_PRODUCTS_DIR; };
		AE7275C41E6CCA8D00918646 /* carkyipadTests.m */ = {isa = PBXFileReference; lastKnownFileType = sourcecode.c.objc; path = carkyipadTests.m; sourceTree = "<group>"; };
		AE7275C61E6CCA8D00918646 /* Info.plist */ = {isa = PBXFileReference; lastKnownFileType = text.plist.xml; path = Info.plist; sourceTree = "<group>"; };
		AE7275CB1E6CCA8D00918646 /* carkyipadUITests.xctest */ = {isa = PBXFileReference; explicitFileType = wrapper.cfbundle; includeInIndex = 0; path = carkyipadUITests.xctest; sourceTree = BUILT_PRODUCTS_DIR; };
		AE7275CF1E6CCA8D00918646 /* carkyipadUITests.m */ = {isa = PBXFileReference; lastKnownFileType = sourcecode.c.objc; path = carkyipadUITests.m; sourceTree = "<group>"; };
		AE7275D11E6CCA8D00918646 /* Info.plist */ = {isa = PBXFileReference; lastKnownFileType = text.plist.xml; path = Info.plist; sourceTree = "<group>"; };
		AE7275DE1E6CCBFF00918646 /* RMStep.h */ = {isa = PBXFileReference; fileEncoding = 4; lastKnownFileType = sourcecode.c.h; path = RMStep.h; sourceTree = "<group>"; };
		AE7275DF1E6CCBFF00918646 /* RMStep.m */ = {isa = PBXFileReference; fileEncoding = 4; lastKnownFileType = sourcecode.c.objc; path = RMStep.m; sourceTree = "<group>"; };
		AE7275E01E6CCBFF00918646 /* RMStepsBar.h */ = {isa = PBXFileReference; fileEncoding = 4; lastKnownFileType = sourcecode.c.h; path = RMStepsBar.h; sourceTree = "<group>"; };
		AE7275E11E6CCBFF00918646 /* RMStepsBar.m */ = {isa = PBXFileReference; fileEncoding = 4; lastKnownFileType = sourcecode.c.objc; path = RMStepsBar.m; sourceTree = "<group>"; };
		AE7275E21E6CCBFF00918646 /* RMStepsController.h */ = {isa = PBXFileReference; fileEncoding = 4; lastKnownFileType = sourcecode.c.h; path = RMStepsController.h; sourceTree = "<group>"; };
		AE7275E31E6CCBFF00918646 /* RMStepsController.m */ = {isa = PBXFileReference; fileEncoding = 4; lastKnownFileType = sourcecode.c.objc; path = RMStepsController.m; sourceTree = "<group>"; };
		AE7275E81E6CD01A00918646 /* IIAsyncData.h */ = {isa = PBXFileReference; fileEncoding = 4; lastKnownFileType = sourcecode.c.h; path = IIAsyncData.h; sourceTree = "<group>"; };
		AE7275E91E6CD01A00918646 /* IIAsyncData.m */ = {isa = PBXFileReference; fileEncoding = 4; lastKnownFileType = sourcecode.c.objc; path = IIAsyncData.m; sourceTree = "<group>"; };
		AE7275EA1E6CD01A00918646 /* IIAsyncMessageView.h */ = {isa = PBXFileReference; fileEncoding = 4; lastKnownFileType = sourcecode.c.h; path = IIAsyncMessageView.h; sourceTree = "<group>"; };
		AE7275EB1E6CD01A00918646 /* IIAsyncMessageView.m */ = {isa = PBXFileReference; fileEncoding = 4; lastKnownFileType = sourcecode.c.objc; path = IIAsyncMessageView.m; sourceTree = "<group>"; };
		AE7275EC1E6CD01A00918646 /* IIAsyncStatusView.h */ = {isa = PBXFileReference; fileEncoding = 4; lastKnownFileType = sourcecode.c.h; path = IIAsyncStatusView.h; sourceTree = "<group>"; };
		AE7275ED1E6CD01A00918646 /* IIAsyncStatusView.m */ = {isa = PBXFileReference; fileEncoding = 4; lastKnownFileType = sourcecode.c.objc; path = IIAsyncStatusView.m; sourceTree = "<group>"; };
		AE7275EE1E6CD01A00918646 /* IIAsyncView.h */ = {isa = PBXFileReference; fileEncoding = 4; lastKnownFileType = sourcecode.c.h; path = IIAsyncView.h; sourceTree = "<group>"; };
		AE7275EF1E6CD01A00918646 /* IIAsyncView.m */ = {isa = PBXFileReference; fileEncoding = 4; lastKnownFileType = sourcecode.c.objc; path = IIAsyncView.m; sourceTree = "<group>"; };
		AE7275F01E6CD01A00918646 /* IIAsyncViewController.h */ = {isa = PBXFileReference; fileEncoding = 4; lastKnownFileType = sourcecode.c.h; path = IIAsyncViewController.h; sourceTree = "<group>"; };
		AE7275F11E6CD01A00918646 /* IIAsyncViewController.m */ = {isa = PBXFileReference; fileEncoding = 4; lastKnownFileType = sourcecode.c.objc; path = IIAsyncViewController.m; sourceTree = "<group>"; };
		AE7275F21E6CD01A00918646 /* IIAsyncViewProtocols.h */ = {isa = PBXFileReference; fileEncoding = 4; lastKnownFileType = sourcecode.c.h; path = IIAsyncViewProtocols.h; sourceTree = "<group>"; };
		AE7275F41E6CD01A00918646 /* IIAsyncViewInternals.h */ = {isa = PBXFileReference; fileEncoding = 4; lastKnownFileType = sourcecode.c.h; path = IIAsyncViewInternals.h; sourceTree = "<group>"; };
		B721B99E3657D196CDC9B13B /* Pods-carkyipadUITests.debug.xcconfig */ = {isa = PBXFileReference; includeInIndex = 1; lastKnownFileType = text.xcconfig; name = "Pods-carkyipadUITests.debug.xcconfig"; path = "Pods/Target Support Files/Pods-carkyipadUITests/Pods-carkyipadUITests.debug.xcconfig"; sourceTree = "<group>"; };
		B7613584469046DC5A94859F /* Pods-carkyipadTests.release.xcconfig */ = {isa = PBXFileReference; includeInIndex = 1; lastKnownFileType = text.xcconfig; name = "Pods-carkyipadTests.release.xcconfig"; path = "Pods/Target Support Files/Pods-carkyipadTests/Pods-carkyipadTests.release.xcconfig"; sourceTree = "<group>"; };
/* End PBXFileReference section */

/* Begin PBXFrameworksBuildPhase section */
		AE7275A41E6CCA8C00918646 /* Frameworks */ = {
			isa = PBXFrameworksBuildPhase;
			buildActionMask = 2147483647;
			files = (
				C7F5E06BB189A5D2575E07A8 /* libPods-carkyipad.a in Frameworks */,
			);
			runOnlyForDeploymentPostprocessing = 0;
		};
		AE7275BD1E6CCA8D00918646 /* Frameworks */ = {
			isa = PBXFrameworksBuildPhase;
			buildActionMask = 2147483647;
			files = (
				A58C0434A949DD241BF69FDA /* libPods-carkyipadTests.a in Frameworks */,
			);
			runOnlyForDeploymentPostprocessing = 0;
		};
		AE7275C81E6CCA8D00918646 /* Frameworks */ = {
			isa = PBXFrameworksBuildPhase;
			buildActionMask = 2147483647;
			files = (
				7C871C8776B99A099382CA76 /* libPods-carkyipadUITests.a in Frameworks */,
			);
			runOnlyForDeploymentPostprocessing = 0;
		};
/* End PBXFrameworksBuildPhase section */

/* Begin PBXGroup section */
		604D34F28EA76BDADD70C80C /* Frameworks */ = {
			isa = PBXGroup;
			children = (
				7FAE8BB8A8987C3ED7D5FA65 /* libPods-carkyipad.a */,
				71022BD56FCA663788E92527 /* libPods-carkyipadTests.a */,
				528B6F30D0179E93BAD52988 /* libPods-carkyipadUITests.a */,
			);
			name = Frameworks;
			sourceTree = "<group>";
		};
		AE72759E1E6CCA8C00918646 = {
			isa = PBXGroup;
			children = (
				AE7275A91E6CCA8C00918646 /* carkyipad */,
				AE7275C31E6CCA8D00918646 /* carkyipadTests */,
				AE7275CE1E6CCA8D00918646 /* carkyipadUITests */,
				AE7275A81E6CCA8C00918646 /* Products */,
				EA1831E84B4FFDDB910470C9 /* Pods */,
				604D34F28EA76BDADD70C80C /* Frameworks */,
			);
			sourceTree = "<group>";
		};
		AE7275A81E6CCA8C00918646 /* Products */ = {
			isa = PBXGroup;
			children = (
				AE7275A71E6CCA8C00918646 /* carkyipad.app */,
				AE7275C01E6CCA8D00918646 /* carkyipadTests.xctest */,
				AE7275CB1E6CCA8D00918646 /* carkyipadUITests.xctest */,
			);
			name = Products;
			sourceTree = "<group>";
		};
		AE7275A91E6CCA8C00918646 /* carkyipad */ = {
			isa = PBXGroup;
			children = (
				AE7275E71E6CD01A00918646 /* IIAsyncViewController */,
				AE7275DD1E6CCBFF00918646 /* RMStepsController */,
				AE7275AD1E6CCA8C00918646 /* AppDelegate.h */,
				AE7275AE1E6CCA8C00918646 /* AppDelegate.m */,
				AE7275B01E6CCA8C00918646 /* ViewController.h */,
				AE7275B11E6CCA8C00918646 /* ViewController.m */,
				AE7275B31E6CCA8C00918646 /* Main.storyboard */,
				AE7275B61E6CCA8C00918646 /* Assets.xcassets */,
				AE7275B81E6CCA8C00918646 /* LaunchScreen.storyboard */,
				AE7275BB1E6CCA8C00918646 /* Info.plist */,
				AE7275AA1E6CCA8C00918646 /* Supporting Files */,
				AE6351B71E6E865600065F0F /* CarkyApiClient.h */,
				AE6351B81E6E865600065F0F /* CarkyApiClient.m */,
			);
			path = carkyipad;
			sourceTree = "<group>";
		};
		AE7275AA1E6CCA8C00918646 /* Supporting Files */ = {
			isa = PBXGroup;
			children = (
				AE7275AB1E6CCA8C00918646 /* main.m */,
			);
			name = "Supporting Files";
			sourceTree = "<group>";
		};
		AE7275C31E6CCA8D00918646 /* carkyipadTests */ = {
			isa = PBXGroup;
			children = (
				AE7275C41E6CCA8D00918646 /* carkyipadTests.m */,
				AE7275C61E6CCA8D00918646 /* Info.plist */,
			);
			path = carkyipadTests;
			sourceTree = "<group>";
		};
		AE7275CE1E6CCA8D00918646 /* carkyipadUITests */ = {
			isa = PBXGroup;
			children = (
				AE7275CF1E6CCA8D00918646 /* carkyipadUITests.m */,
				AE7275D11E6CCA8D00918646 /* Info.plist */,
			);
			path = carkyipadUITests;
			sourceTree = "<group>";
		};
		AE7275DD1E6CCBFF00918646 /* RMStepsController */ = {
			isa = PBXGroup;
			children = (
				AE7275DE1E6CCBFF00918646 /* RMStep.h */,
				AE7275DF1E6CCBFF00918646 /* RMStep.m */,
				AE7275E01E6CCBFF00918646 /* RMStepsBar.h */,
				AE7275E11E6CCBFF00918646 /* RMStepsBar.m */,
				AE7275E21E6CCBFF00918646 /* RMStepsController.h */,
				AE7275E31E6CCBFF00918646 /* RMStepsController.m */,
			);
			path = RMStepsController;
			sourceTree = "<group>";
		};
		AE7275E71E6CD01A00918646 /* IIAsyncViewController */ = {
			isa = PBXGroup;
			children = (
				AE7275E81E6CD01A00918646 /* IIAsyncData.h */,
				AE7275E91E6CD01A00918646 /* IIAsyncData.m */,
				AE7275EA1E6CD01A00918646 /* IIAsyncMessageView.h */,
				AE7275EB1E6CD01A00918646 /* IIAsyncMessageView.m */,
				AE7275EC1E6CD01A00918646 /* IIAsyncStatusView.h */,
				AE7275ED1E6CD01A00918646 /* IIAsyncStatusView.m */,
				AE7275EE1E6CD01A00918646 /* IIAsyncView.h */,
				AE7275EF1E6CD01A00918646 /* IIAsyncView.m */,
				AE7275F01E6CD01A00918646 /* IIAsyncViewController.h */,
				AE7275F11E6CD01A00918646 /* IIAsyncViewController.m */,
				AE7275F21E6CD01A00918646 /* IIAsyncViewProtocols.h */,
				AE7275F31E6CD01A00918646 /* Private */,
			);
			path = IIAsyncViewController;
			sourceTree = "<group>";
		};
		AE7275F31E6CD01A00918646 /* Private */ = {
			isa = PBXGroup;
			children = (
				AE7275F41E6CD01A00918646 /* IIAsyncViewInternals.h */,
			);
			path = Private;
			sourceTree = "<group>";
		};
		EA1831E84B4FFDDB910470C9 /* Pods */ = {
			isa = PBXGroup;
			children = (
				5354D900812E591C07A1E865 /* Pods-carkyipad.debug.xcconfig */,
				934D892CC42D9967E077AFAE /* Pods-carkyipad.release.xcconfig */,
				5804DF45A609457D505A8C3F /* Pods-carkyipadTests.debug.xcconfig */,
				B7613584469046DC5A94859F /* Pods-carkyipadTests.release.xcconfig */,
				B721B99E3657D196CDC9B13B /* Pods-carkyipadUITests.debug.xcconfig */,
				26072C39D64C71FFF6DF78B8 /* Pods-carkyipadUITests.release.xcconfig */,
			);
			name = Pods;
			sourceTree = "<group>";
		};
/* End PBXGroup section */

/* Begin PBXNativeTarget section */
		AE7275A61E6CCA8C00918646 /* carkyipad */ = {
			isa = PBXNativeTarget;
			buildConfigurationList = AE7275D41E6CCA8D00918646 /* Build configuration list for PBXNativeTarget "carkyipad" */;
			buildPhases = (
				DA5401BAA47A951861094269 /* [CP] Check Pods Manifest.lock */,
				AE7275A31E6CCA8C00918646 /* Sources */,
				AE7275A41E6CCA8C00918646 /* Frameworks */,
				AE7275A51E6CCA8C00918646 /* Resources */,
				CA032E798D9994716DCE9288 /* [CP] Embed Pods Frameworks */,
				2F336A66542EBF7722C7BCA9 /* [CP] Copy Pods Resources */,
			);
			buildRules = (
			);
			dependencies = (
			);
			name = carkyipad;
			productName = carkyipad;
			productReference = AE7275A71E6CCA8C00918646 /* carkyipad.app */;
			productType = "com.apple.product-type.application";
		};
		AE7275BF1E6CCA8D00918646 /* carkyipadTests */ = {
			isa = PBXNativeTarget;
			buildConfigurationList = AE7275D71E6CCA8D00918646 /* Build configuration list for PBXNativeTarget "carkyipadTests" */;
			buildPhases = (
				59E14EF6735218CC99453724 /* [CP] Check Pods Manifest.lock */,
				AE7275BC1E6CCA8D00918646 /* Sources */,
				AE7275BD1E6CCA8D00918646 /* Frameworks */,
				AE7275BE1E6CCA8D00918646 /* Resources */,
				EE8E4B48B32FBC1D39EF972E /* [CP] Embed Pods Frameworks */,
				EDA094DB62E5CA68D59547C6 /* [CP] Copy Pods Resources */,
			);
			buildRules = (
			);
			dependencies = (
				AE7275C21E6CCA8D00918646 /* PBXTargetDependency */,
			);
			name = carkyipadTests;
			productName = carkyipadTests;
			productReference = AE7275C01E6CCA8D00918646 /* carkyipadTests.xctest */;
			productType = "com.apple.product-type.bundle.unit-test";
		};
		AE7275CA1E6CCA8D00918646 /* carkyipadUITests */ = {
			isa = PBXNativeTarget;
			buildConfigurationList = AE7275DA1E6CCA8D00918646 /* Build configuration list for PBXNativeTarget "carkyipadUITests" */;
			buildPhases = (
				7D0FF40D66117E51595D0FD7 /* [CP] Check Pods Manifest.lock */,
				AE7275C71E6CCA8D00918646 /* Sources */,
				AE7275C81E6CCA8D00918646 /* Frameworks */,
				AE7275C91E6CCA8D00918646 /* Resources */,
				7B7325E9BB6CD9F704953D65 /* [CP] Embed Pods Frameworks */,
				DDE135BA23413176A54D9E42 /* [CP] Copy Pods Resources */,
			);
			buildRules = (
			);
			dependencies = (
				AE7275CD1E6CCA8D00918646 /* PBXTargetDependency */,
			);
			name = carkyipadUITests;
			productName = carkyipadUITests;
			productReference = AE7275CB1E6CCA8D00918646 /* carkyipadUITests.xctest */;
			productType = "com.apple.product-type.bundle.ui-testing";
		};
/* End PBXNativeTarget section */

/* Begin PBXProject section */
		AE72759F1E6CCA8C00918646 /* Project object */ = {
			isa = PBXProject;
			attributes = {
				LastUpgradeCheck = 0820;
				ORGANIZATIONNAME = Nessos;
				TargetAttributes = {
					AE7275A61E6CCA8C00918646 = {
						CreatedOnToolsVersion = 8.2.1;
						ProvisioningStyle = Automatic;
					};
					AE7275BF1E6CCA8D00918646 = {
						CreatedOnToolsVersion = 8.2.1;
						ProvisioningStyle = Automatic;
						TestTargetID = AE7275A61E6CCA8C00918646;
					};
					AE7275CA1E6CCA8D00918646 = {
						CreatedOnToolsVersion = 8.2.1;
						ProvisioningStyle = Automatic;
						TestTargetID = AE7275A61E6CCA8C00918646;
					};
				};
			};
			buildConfigurationList = AE7275A21E6CCA8C00918646 /* Build configuration list for PBXProject "carkyipad" */;
			compatibilityVersion = "Xcode 3.2";
			developmentRegion = English;
			hasScannedForEncodings = 0;
			knownRegions = (
				en,
				Base,
			);
			mainGroup = AE72759E1E6CCA8C00918646;
			productRefGroup = AE7275A81E6CCA8C00918646 /* Products */;
			projectDirPath = "";
			projectRoot = "";
			targets = (
				AE7275A61E6CCA8C00918646 /* carkyipad */,
				AE7275BF1E6CCA8D00918646 /* carkyipadTests */,
				AE7275CA1E6CCA8D00918646 /* carkyipadUITests */,
			);
		};
/* End PBXProject section */

/* Begin PBXResourcesBuildPhase section */
		AE7275A51E6CCA8C00918646 /* Resources */ = {
			isa = PBXResourcesBuildPhase;
			buildActionMask = 2147483647;
			files = (
				AE7275BA1E6CCA8C00918646 /* LaunchScreen.storyboard in Resources */,
				AE7275B71E6CCA8C00918646 /* Assets.xcassets in Resources */,
				AE7275B51E6CCA8C00918646 /* Main.storyboard in Resources */,
			);
			runOnlyForDeploymentPostprocessing = 0;
		};
		AE7275BE1E6CCA8D00918646 /* Resources */ = {
			isa = PBXResourcesBuildPhase;
			buildActionMask = 2147483647;
			files = (
			);
			runOnlyForDeploymentPostprocessing = 0;
		};
		AE7275C91E6CCA8D00918646 /* Resources */ = {
			isa = PBXResourcesBuildPhase;
			buildActionMask = 2147483647;
			files = (
			);
			runOnlyForDeploymentPostprocessing = 0;
		};
/* End PBXResourcesBuildPhase section */

/* Begin PBXShellScriptBuildPhase section */
		2F336A66542EBF7722C7BCA9 /* [CP] Copy Pods Resources */ = {
			isa = PBXShellScriptBuildPhase;
			buildActionMask = 2147483647;
			files = (
			);
			inputPaths = (
			);
			name = "[CP] Copy Pods Resources";
			outputPaths = (
			);
			runOnlyForDeploymentPostprocessing = 0;
			shellPath = /bin/sh;
			shellScript = "\"${SRCROOT}/Pods/Target Support Files/Pods-carkyipad/Pods-carkyipad-resources.sh\"\n";
			showEnvVarsInLog = 0;
		};
		59E14EF6735218CC99453724 /* [CP] Check Pods Manifest.lock */ = {
			isa = PBXShellScriptBuildPhase;
			buildActionMask = 2147483647;
			files = (
			);
			inputPaths = (
			);
			name = "[CP] Check Pods Manifest.lock";
			outputPaths = (
			);
			runOnlyForDeploymentPostprocessing = 0;
			shellPath = /bin/sh;
			shellScript = "diff \"${PODS_ROOT}/../Podfile.lock\" \"${PODS_ROOT}/Manifest.lock\" > /dev/null\nif [ $? != 0 ] ; then\n    # print error to STDERR\n    echo \"error: The sandbox is not in sync with the Podfile.lock. Run 'pod install' or update your CocoaPods installation.\" >&2\n    exit 1\nfi\n";
			showEnvVarsInLog = 0;
		};
		7B7325E9BB6CD9F704953D65 /* [CP] Embed Pods Frameworks */ = {
			isa = PBXShellScriptBuildPhase;
			buildActionMask = 2147483647;
			files = (
			);
			inputPaths = (
			);
			name = "[CP] Embed Pods Frameworks";
			outputPaths = (
			);
			runOnlyForDeploymentPostprocessing = 0;
			shellPath = /bin/sh;
			shellScript = "\"${SRCROOT}/Pods/Target Support Files/Pods-carkyipadUITests/Pods-carkyipadUITests-frameworks.sh\"\n";
			showEnvVarsInLog = 0;
		};
		7D0FF40D66117E51595D0FD7 /* [CP] Check Pods Manifest.lock */ = {
			isa = PBXShellScriptBuildPhase;
			buildActionMask = 2147483647;
			files = (
			);
			inputPaths = (
			);
			name = "[CP] Check Pods Manifest.lock";
			outputPaths = (
			);
			runOnlyForDeploymentPostprocessing = 0;
			shellPath = /bin/sh;
			shellScript = "diff \"${PODS_ROOT}/../Podfile.lock\" \"${PODS_ROOT}/Manifest.lock\" > /dev/null\nif [ $? != 0 ] ; then\n    # print error to STDERR\n    echo \"error: The sandbox is not in sync with the Podfile.lock. Run 'pod install' or update your CocoaPods installation.\" >&2\n    exit 1\nfi\n";
			showEnvVarsInLog = 0;
		};
		CA032E798D9994716DCE9288 /* [CP] Embed Pods Frameworks */ = {
			isa = PBXShellScriptBuildPhase;
			buildActionMask = 2147483647;
			files = (
			);
			inputPaths = (
			);
			name = "[CP] Embed Pods Frameworks";
			outputPaths = (
			);
			runOnlyForDeploymentPostprocessing = 0;
			shellPath = /bin/sh;
			shellScript = "\"${SRCROOT}/Pods/Target Support Files/Pods-carkyipad/Pods-carkyipad-frameworks.sh\"\n";
			showEnvVarsInLog = 0;
		};
		DA5401BAA47A951861094269 /* [CP] Check Pods Manifest.lock */ = {
			isa = PBXShellScriptBuildPhase;
			buildActionMask = 2147483647;
			files = (
			);
			inputPaths = (
			);
			name = "[CP] Check Pods Manifest.lock";
			outputPaths = (
			);
			runOnlyForDeploymentPostprocessing = 0;
			shellPath = /bin/sh;
			shellScript = "diff \"${PODS_ROOT}/../Podfile.lock\" \"${PODS_ROOT}/Manifest.lock\" > /dev/null\nif [ $? != 0 ] ; then\n    # print error to STDERR\n    echo \"error: The sandbox is not in sync with the Podfile.lock. Run 'pod install' or update your CocoaPods installation.\" >&2\n    exit 1\nfi\n";
			showEnvVarsInLog = 0;
		};
		DDE135BA23413176A54D9E42 /* [CP] Copy Pods Resources */ = {
			isa = PBXShellScriptBuildPhase;
			buildActionMask = 2147483647;
			files = (
			);
			inputPaths = (
			);
			name = "[CP] Copy Pods Resources";
			outputPaths = (
			);
			runOnlyForDeploymentPostprocessing = 0;
			shellPath = /bin/sh;
			shellScript = "\"${SRCROOT}/Pods/Target Support Files/Pods-carkyipadUITests/Pods-carkyipadUITests-resources.sh\"\n";
			showEnvVarsInLog = 0;
		};
		EDA094DB62E5CA68D59547C6 /* [CP] Copy Pods Resources */ = {
			isa = PBXShellScriptBuildPhase;
			buildActionMask = 2147483647;
			files = (
			);
			inputPaths = (
			);
			name = "[CP] Copy Pods Resources";
			outputPaths = (
			);
			runOnlyForDeploymentPostprocessing = 0;
			shellPath = /bin/sh;
			shellScript = "\"${SRCROOT}/Pods/Target Support Files/Pods-carkyipadTests/Pods-carkyipadTests-resources.sh\"\n";
			showEnvVarsInLog = 0;
		};
		EE8E4B48B32FBC1D39EF972E /* [CP] Embed Pods Frameworks */ = {
			isa = PBXShellScriptBuildPhase;
			buildActionMask = 2147483647;
			files = (
			);
			inputPaths = (
			);
			name = "[CP] Embed Pods Frameworks";
			outputPaths = (
			);
			runOnlyForDeploymentPostprocessing = 0;
			shellPath = /bin/sh;
			shellScript = "\"${SRCROOT}/Pods/Target Support Files/Pods-carkyipadTests/Pods-carkyipadTests-frameworks.sh\"\n";
			showEnvVarsInLog = 0;
		};
/* End PBXShellScriptBuildPhase section */

/* Begin PBXSourcesBuildPhase section */
		AE7275A31E6CCA8C00918646 /* Sources */ = {
			isa = PBXSourcesBuildPhase;
			buildActionMask = 2147483647;
			files = (
				AE7275F51E6CD01A00918646 /* IIAsyncData.m in Sources */,
				AE7275B21E6CCA8C00918646 /* ViewController.m in Sources */,
				AE7275E51E6CCBFF00918646 /* RMStepsBar.m in Sources */,
				AE7275E61E6CCBFF00918646 /* RMStepsController.m in Sources */,
				AE7275AF1E6CCA8C00918646 /* AppDelegate.m in Sources */,
				AE7275F91E6CD01A00918646 /* IIAsyncViewController.m in Sources */,
				AE7275E41E6CCBFF00918646 /* RMStep.m in Sources */,
				AE7275F71E6CD01A00918646 /* IIAsyncStatusView.m in Sources */,
				AE7275F81E6CD01A00918646 /* IIAsyncView.m in Sources */,
				AE7275AC1E6CCA8C00918646 /* main.m in Sources */,
				AE6351B91E6E865600065F0F /* CarkyApiClient.m in Sources */,
				AE7275F61E6CD01A00918646 /* IIAsyncMessageView.m in Sources */,
			);
			runOnlyForDeploymentPostprocessing = 0;
		};
		AE7275BC1E6CCA8D00918646 /* Sources */ = {
			isa = PBXSourcesBuildPhase;
			buildActionMask = 2147483647;
			files = (
				AE6351BA1E6E865600065F0F /* CarkyApiClient.m in Sources */,
				AE7275C51E6CCA8D00918646 /* carkyipadTests.m in Sources */,
			);
			runOnlyForDeploymentPostprocessing = 0;
		};
		AE7275C71E6CCA8D00918646 /* Sources */ = {
			isa = PBXSourcesBuildPhase;
			buildActionMask = 2147483647;
			files = (
				AE7275D01E6CCA8D00918646 /* carkyipadUITests.m in Sources */,
			);
			runOnlyForDeploymentPostprocessing = 0;
		};
/* End PBXSourcesBuildPhase section */

/* Begin PBXTargetDependency section */
		AE7275C21E6CCA8D00918646 /* PBXTargetDependency */ = {
			isa = PBXTargetDependency;
			target = AE7275A61E6CCA8C00918646 /* carkyipad */;
			targetProxy = AE7275C11E6CCA8D00918646 /* PBXContainerItemProxy */;
		};
		AE7275CD1E6CCA8D00918646 /* PBXTargetDependency */ = {
			isa = PBXTargetDependency;
			target = AE7275A61E6CCA8C00918646 /* carkyipad */;
			targetProxy = AE7275CC1E6CCA8D00918646 /* PBXContainerItemProxy */;
		};
/* End PBXTargetDependency section */

/* Begin PBXVariantGroup section */
		AE7275B31E6CCA8C00918646 /* Main.storyboard */ = {
			isa = PBXVariantGroup;
			children = (
				AE7275B41E6CCA8C00918646 /* Base */,
			);
			name = Main.storyboard;
			sourceTree = "<group>";
		};
		AE7275B81E6CCA8C00918646 /* LaunchScreen.storyboard */ = {
			isa = PBXVariantGroup;
			children = (
				AE7275B91E6CCA8C00918646 /* Base */,
			);
			name = LaunchScreen.storyboard;
			sourceTree = "<group>";
		};
/* End PBXVariantGroup section */

/* Begin XCBuildConfiguration section */
		AE7275D21E6CCA8D00918646 /* Debug */ = {
			isa = XCBuildConfiguration;
			buildSettings = {
				ALWAYS_SEARCH_USER_PATHS = NO;
				CLANG_ANALYZER_NONNULL = YES;
				CLANG_CXX_LANGUAGE_STANDARD = "gnu++0x";
				CLANG_CXX_LIBRARY = "libc++";
				CLANG_ENABLE_MODULES = YES;
				CLANG_ENABLE_OBJC_ARC = YES;
				CLANG_WARN_BOOL_CONVERSION = YES;
				CLANG_WARN_CONSTANT_CONVERSION = YES;
				CLANG_WARN_DIRECT_OBJC_ISA_USAGE = YES_ERROR;
				CLANG_WARN_DOCUMENTATION_COMMENTS = YES;
				CLANG_WARN_EMPTY_BODY = YES;
				CLANG_WARN_ENUM_CONVERSION = YES;
				CLANG_WARN_INFINITE_RECURSION = YES;
				CLANG_WARN_INT_CONVERSION = YES;
				CLANG_WARN_OBJC_ROOT_CLASS = YES_ERROR;
				CLANG_WARN_SUSPICIOUS_MOVE = YES;
				CLANG_WARN_UNREACHABLE_CODE = YES;
				CLANG_WARN__DUPLICATE_METHOD_MATCH = YES;
				"CODE_SIGN_IDENTITY[sdk=iphoneos*]" = "iPhone Developer";
				COPY_PHASE_STRIP = NO;
				DEBUG_INFORMATION_FORMAT = dwarf;
				ENABLE_STRICT_OBJC_MSGSEND = YES;
				ENABLE_TESTABILITY = YES;
				GCC_C_LANGUAGE_STANDARD = gnu99;
				GCC_DYNAMIC_NO_PIC = NO;
				GCC_NO_COMMON_BLOCKS = YES;
				GCC_OPTIMIZATION_LEVEL = 0;
				GCC_PREPROCESSOR_DEFINITIONS = (
					"DEBUG=1",
					"$(inherited)",
				);
				GCC_WARN_64_TO_32_BIT_CONVERSION = YES;
				GCC_WARN_ABOUT_RETURN_TYPE = YES_ERROR;
				GCC_WARN_UNDECLARED_SELECTOR = YES;
				GCC_WARN_UNINITIALIZED_AUTOS = YES_AGGRESSIVE;
				GCC_WARN_UNUSED_FUNCTION = YES;
				GCC_WARN_UNUSED_VARIABLE = YES;
				IPHONEOS_DEPLOYMENT_TARGET = 10.2;
				MTL_ENABLE_DEBUG_INFO = YES;
				ONLY_ACTIVE_ARCH = YES;
				SDKROOT = iphoneos;
				TARGETED_DEVICE_FAMILY = 2;
			};
			name = Debug;
		};
		AE7275D31E6CCA8D00918646 /* Release */ = {
			isa = XCBuildConfiguration;
			buildSettings = {
				ALWAYS_SEARCH_USER_PATHS = NO;
				CLANG_ANALYZER_NONNULL = YES;
				CLANG_CXX_LANGUAGE_STANDARD = "gnu++0x";
				CLANG_CXX_LIBRARY = "libc++";
				CLANG_ENABLE_MODULES = YES;
				CLANG_ENABLE_OBJC_ARC = YES;
				CLANG_WARN_BOOL_CONVERSION = YES;
				CLANG_WARN_CONSTANT_CONVERSION = YES;
				CLANG_WARN_DIRECT_OBJC_ISA_USAGE = YES_ERROR;
				CLANG_WARN_DOCUMENTATION_COMMENTS = YES;
				CLANG_WARN_EMPTY_BODY = YES;
				CLANG_WARN_ENUM_CONVERSION = YES;
				CLANG_WARN_INFINITE_RECURSION = YES;
				CLANG_WARN_INT_CONVERSION = YES;
				CLANG_WARN_OBJC_ROOT_CLASS = YES_ERROR;
				CLANG_WARN_SUSPICIOUS_MOVE = YES;
				CLANG_WARN_UNREACHABLE_CODE = YES;
				CLANG_WARN__DUPLICATE_METHOD_MATCH = YES;
				"CODE_SIGN_IDENTITY[sdk=iphoneos*]" = "iPhone Developer";
				COPY_PHASE_STRIP = NO;
				DEBUG_INFORMATION_FORMAT = "dwarf-with-dsym";
				ENABLE_NS_ASSERTIONS = NO;
				ENABLE_STRICT_OBJC_MSGSEND = YES;
				GCC_C_LANGUAGE_STANDARD = gnu99;
				GCC_NO_COMMON_BLOCKS = YES;
				GCC_WARN_64_TO_32_BIT_CONVERSION = YES;
				GCC_WARN_ABOUT_RETURN_TYPE = YES_ERROR;
				GCC_WARN_UNDECLARED_SELECTOR = YES;
				GCC_WARN_UNINITIALIZED_AUTOS = YES_AGGRESSIVE;
				GCC_WARN_UNUSED_FUNCTION = YES;
				GCC_WARN_UNUSED_VARIABLE = YES;
				IPHONEOS_DEPLOYMENT_TARGET = 10.2;
				MTL_ENABLE_DEBUG_INFO = NO;
				SDKROOT = iphoneos;
				TARGETED_DEVICE_FAMILY = 2;
				VALIDATE_PRODUCT = YES;
			};
			name = Release;
		};
		AE7275D51E6CCA8D00918646 /* Debug */ = {
			isa = XCBuildConfiguration;
			baseConfigurationReference = 5354D900812E591C07A1E865 /* Pods-carkyipad.debug.xcconfig */;
			buildSettings = {
				ASSETCATALOG_COMPILER_APPICON_NAME = AppIcon;
				INFOPLIST_FILE = carkyipad/Info.plist;
				LD_RUNPATH_SEARCH_PATHS = "$(inherited) @executable_path/Frameworks";
				PRODUCT_BUNDLE_IDENTIFIER = gr.nessos.carkyipad;
				PRODUCT_NAME = "$(TARGET_NAME)";
			};
			name = Debug;
		};
		AE7275D61E6CCA8D00918646 /* Release */ = {
			isa = XCBuildConfiguration;
			baseConfigurationReference = 934D892CC42D9967E077AFAE /* Pods-carkyipad.release.xcconfig */;
			buildSettings = {
				ASSETCATALOG_COMPILER_APPICON_NAME = AppIcon;
				INFOPLIST_FILE = carkyipad/Info.plist;
				LD_RUNPATH_SEARCH_PATHS = "$(inherited) @executable_path/Frameworks";
				PRODUCT_BUNDLE_IDENTIFIER = gr.nessos.carkyipad;
				PRODUCT_NAME = "$(TARGET_NAME)";
			};
			name = Release;
		};
		AE7275D81E6CCA8D00918646 /* Debug */ = {
			isa = XCBuildConfiguration;
			baseConfigurationReference = 5804DF45A609457D505A8C3F /* Pods-carkyipadTests.debug.xcconfig */;
			buildSettings = {
				BUNDLE_LOADER = "$(TEST_HOST)";
				INFOPLIST_FILE = carkyipadTests/Info.plist;
				LD_RUNPATH_SEARCH_PATHS = "$(inherited) @executable_path/Frameworks @loader_path/Frameworks";
				PRODUCT_BUNDLE_IDENTIFIER = gr.nessos.carkyipadTests;
				PRODUCT_NAME = "$(TARGET_NAME)";
				TEST_HOST = "$(BUILT_PRODUCTS_DIR)/carkyipad.app/carkyipad";
			};
			name = Debug;
		};
		AE7275D91E6CCA8D00918646 /* Release */ = {
			isa = XCBuildConfiguration;
			baseConfigurationReference = B7613584469046DC5A94859F /* Pods-carkyipadTests.release.xcconfig */;
			buildSettings = {
				BUNDLE_LOADER = "$(TEST_HOST)";
				INFOPLIST_FILE = carkyipadTests/Info.plist;
				LD_RUNPATH_SEARCH_PATHS = "$(inherited) @executable_path/Frameworks @loader_path/Frameworks";
				PRODUCT_BUNDLE_IDENTIFIER = gr.nessos.carkyipadTests;
				PRODUCT_NAME = "$(TARGET_NAME)";
				TEST_HOST = "$(BUILT_PRODUCTS_DIR)/carkyipad.app/carkyipad";
			};
			name = Release;
		};
		AE7275DB1E6CCA8D00918646 /* Debug */ = {
			isa = XCBuildConfiguration;
			baseConfigurationReference = B721B99E3657D196CDC9B13B /* Pods-carkyipadUITests.debug.xcconfig */;
			buildSettings = {
				INFOPLIST_FILE = carkyipadUITests/Info.plist;
				LD_RUNPATH_SEARCH_PATHS = "$(inherited) @executable_path/Frameworks @loader_path/Frameworks";
				PRODUCT_BUNDLE_IDENTIFIER = gr.nessos.carkyipadUITests;
				PRODUCT_NAME = "$(TARGET_NAME)";
				TEST_TARGET_NAME = carkyipad;
			};
			name = Debug;
		};
		AE7275DC1E6CCA8D00918646 /* Release */ = {
			isa = XCBuildConfiguration;
			baseConfigurationReference = 26072C39D64C71FFF6DF78B8 /* Pods-carkyipadUITests.release.xcconfig */;
			buildSettings = {
				INFOPLIST_FILE = carkyipadUITests/Info.plist;
				LD_RUNPATH_SEARCH_PATHS = "$(inherited) @executable_path/Frameworks @loader_path/Frameworks";
				PRODUCT_BUNDLE_IDENTIFIER = gr.nessos.carkyipadUITests;
				PRODUCT_NAME = "$(TARGET_NAME)";
				TEST_TARGET_NAME = carkyipad;
			};
			name = Release;
		};
/* End XCBuildConfiguration section */

/* Begin XCConfigurationList section */
		AE7275A21E6CCA8C00918646 /* Build configuration list for PBXProject "carkyipad" */ = {
			isa = XCConfigurationList;
			buildConfigurations = (
				AE7275D21E6CCA8D00918646 /* Debug */,
				AE7275D31E6CCA8D00918646 /* Release */,
			);
			defaultConfigurationIsVisible = 0;
			defaultConfigurationName = Release;
		};
		AE7275D41E6CCA8D00918646 /* Build configuration list for PBXNativeTarget "carkyipad" */ = {
			isa = XCConfigurationList;
			buildConfigurations = (
				AE7275D51E6CCA8D00918646 /* Debug */,
				AE7275D61E6CCA8D00918646 /* Release */,
			);
			defaultConfigurationIsVisible = 0;
			defaultConfigurationName = Release;
		};
		AE7275D71E6CCA8D00918646 /* Build configuration list for PBXNativeTarget "carkyipadTests" */ = {
			isa = XCConfigurationList;
			buildConfigurations = (
				AE7275D81E6CCA8D00918646 /* Debug */,
				AE7275D91E6CCA8D00918646 /* Release */,
			);
			defaultConfigurationIsVisible = 0;
			defaultConfigurationName = Release;
		};
		AE7275DA1E6CCA8D00918646 /* Build configuration list for PBXNativeTarget "carkyipadUITests" */ = {
			isa = XCConfigurationList;
			buildConfigurations = (
				AE7275DB1E6CCA8D00918646 /* Debug */,
				AE7275DC1E6CCA8D00918646 /* Release */,
			);
			defaultConfigurationIsVisible = 0;
			defaultConfigurationName = Release;
		};
/* End XCConfigurationList section */
	};
	rootObject = AE72759F1E6CCA8C00918646 /* Project object */;
}
