PODS:
  - AFNetworking (3.1.0):
    - AFNetworking/NSURLSession (= 3.1.0)
    - AFNetworking/Reachability (= 3.1.0)
    - AFNetworking/Security (= 3.1.0)
    - AFNetworking/Serialization (= 3.1.0)
    - AFNetworking/UIKit (= 3.1.0)
  - AFNetworking/NSURLSession (3.1.0):
    - AFNetworking/Reachability
    - AFNetworking/Security
    - AFNetworking/Serialization
  - AFNetworking/Reachability (3.1.0)
  - AFNetworking/Security (3.1.0)
  - AFNetworking/Serialization (3.1.0)
  - AFNetworking/UIKit (3.1.0):
    - AFNetworking/NSURLSession
  - BKCardExpiryField (0.0.3)
  - Bolts (1.8.4):
    - Bolts/AppLinks (= 1.8.4)
    - Bolts/Tasks (= 1.8.4)
  - Bolts/AppLinks (1.8.4):
    - Bolts/Tasks
  - Bolts/Tasks (1.8.4)
  - CardIO (5.4.1)
  - Crashlytics (3.8.4):
    - Fabric (~> 1.6.3)
  - Fabric (1.6.11)
  - FSCalendar (2.7.7)
  - GoogleMaps (2.2.0):
    - GoogleMaps/Maps (= 2.2.0)
  - GoogleMaps/Base (2.2.0)
  - GoogleMaps/Maps (2.2.0):
    - GoogleMaps/Base
  - GooglePlaces (2.2.0):
    - GoogleMaps/Base (= 2.2.0)
  - HockeySDK (4.1.5):
    - HockeySDK/DefaultLib (= 4.1.5)
  - HockeySDK/DefaultLib (4.1.5)
  - MBProgressHUD (1.0.0)
  - PayPal-iOS-SDK (2.17.0):
    - PayPal-iOS-SDK/CardIO (= 2.17.0)
    - PayPal-iOS-SDK/Core (= 2.17.0)
  - PayPal-iOS-SDK/CardIO (2.17.0):
    - CardIO (~> 5.4.1)
  - PayPal-iOS-SDK/Core (2.17.0)
  - Stripe (10.1.0)
  - TGRDataSource (0.2)

DEPENDENCIES:
  - AFNetworking
  - BKCardExpiryField
  - Bolts
  - CardIO
  - Crashlytics
  - Fabric
  - FSCalendar
  - GoogleMaps
  - GooglePlaces
  - HockeySDK
  - MBProgressHUD
  - PayPal-iOS-SDK
  - Stripe
  - TGRDataSource

SPEC CHECKSUMS:
  AFNetworking: 5e0e199f73d8626b11e79750991f5d173d1f8b67
  BKCardExpiryField: f2e92c0bbb2363b9e9af80ee8348e43ddeff30db
  Bolts: 8a7995239dbe724f9cba2248b766d48b7ebdd322
  CardIO: 56983b39b62f495fc6dae9ad7cf875143df06443
  Crashlytics: 79e236942ca1e7fc641df1feb9a275360a78ab6a
  Fabric: 5911403591946b8228ab1c51d98f1d7137e863c6
  FSCalendar: 8bda3534e8590b87124af9a236887314e0359a27
  GoogleMaps: 104c418d61ab8a05dff06ed0784c25ea9d37da45
  GooglePlaces: bca867d5e9da15384c794b945e4226848bc6e9d9
  HockeySDK: 606b537bbfbe454ee440e92cc93bc634b3c77151
  MBProgressHUD: 4890f671c94e8a0f3cf959aa731e9de2f036d71a
  PayPal-iOS-SDK: 849321f6214a7187ee4cc684f63fe509df4c4a36
  Stripe: 1c7aa951a075cced500a919d92b687b35d410705
  TGRDataSource: 9ab4ed589fae145f94b234a0ca1094aba35af473

PODFILE CHECKSUM: 1bedf5eaa195d077b2b735559060c94753c6003d

COCOAPODS: 1.2.0
