PODS:
  - AFNetworking (3.1.0):
    - AFNetworking/NSURLSession (= 3.1.0)
    - AFNetworking/Reachability (= 3.1.0)
    - AFNetworking/Security (= 3.1.0)
    - AFNetworking/Serialization (= 3.1.0)
    - AFNetworking/UIKit (= 3.1.0)
  - AFNetworking/NSURLSession (3.1.0):
    - AFNetworking/Reachability
    - AFNetworking/Security
    - AFNetworking/Serialization
  - AFNetworking/Reachability (3.1.0)
  - AFNetworking/Security (3.1.0)
  - AFNetworking/Serialization (3.1.0)
  - AFNetworking/UIKit (3.1.0):
    - AFNetworking/NSURLSession
  - BKCardExpiryField (0.0.3)
  - Bolts (1.8.4):
    - Bolts/AppLinks (= 1.8.4)
    - Bolts/Tasks (= 1.8.4)
  - Bolts/AppLinks (1.8.4):
    - Bolts/Tasks
  - Bolts/Tasks (1.8.4)
  - CardIO (5.4.1)
  - FSCalendar (2.7.8)
  - GoogleMaps (2.3.0):
    - GoogleMaps/Maps (= 2.3.0)
  - GoogleMaps/Base (2.3.0)
  - GoogleMaps/Maps (2.3.0):
    - GoogleMaps/Base
  - GooglePlaces (2.3.0):
    - GoogleMaps/Base (= 2.3.0)
  - HockeySDK (4.1.5):
    - HockeySDK/DefaultLib (= 4.1.5)
  - HockeySDK/DefaultLib (4.1.5)
  - MBProgressHUD (1.0.0)
  - PayPal-iOS-SDK (2.17.0):
    - PayPal-iOS-SDK/CardIO (= 2.17.0)
    - PayPal-iOS-SDK/Core (= 2.17.0)
  - PayPal-iOS-SDK/CardIO (2.17.0):
    - CardIO (~> 5.4.1)
  - PayPal-iOS-SDK/Core (2.17.0)
  - Stripe (10.1.0)
  - TGRDataSource (0.2)

DEPENDENCIES:
  - AFNetworking
  - BKCardExpiryField
  - Bolts
  - CardIO
  - FSCalendar
  - GoogleMaps
  - GooglePlaces
  - HockeySDK
  - MBProgressHUD
  - PayPal-iOS-SDK
  - Stripe
  - TGRDataSource

SPEC CHECKSUMS:
  AFNetworking: 5e0e199f73d8626b11e79750991f5d173d1f8b67
  BKCardExpiryField: f2e92c0bbb2363b9e9af80ee8348e43ddeff30db
  Bolts: 8a7995239dbe724f9cba2248b766d48b7ebdd322
  CardIO: 56983b39b62f495fc6dae9ad7cf875143df06443
  FSCalendar: 09369a2bf554ba71cd8e8cfb627e2df22a2c2af4
  GoogleMaps: 340a6a0bebd17c2db8abcd3921976c7c53c86cb8
  GooglePlaces: 74d322c74184ea4576184089b496d291cf0dcd38
  HockeySDK: 606b537bbfbe454ee440e92cc93bc634b3c77151
  MBProgressHUD: 4890f671c94e8a0f3cf959aa731e9de2f036d71a
  PayPal-iOS-SDK: 849321f6214a7187ee4cc684f63fe509df4c4a36
  Stripe: 1c7aa951a075cced500a919d92b687b35d410705
  TGRDataSource: 9ab4ed589fae145f94b234a0ca1094aba35af473

PODFILE CHECKSUM: faa6ede44e2dbde85cf4f00419a3a7e5259306c0

COCOAPODS: 1.2.0
